
Microsoft Visual Studio Solution File, Format Version 11.00
# Visual Studio 2010
Project("{FAE04EC0-301F-11D3-BF4B-00C04F79EFBC}") = "TestMarionette", "TestMarionette\TestMarionette.csproj", "{D9049D49-98B5-4D59-8315-9EAE6D4DA614}"
EndProject
Global
	GlobalSection(SolutionConfigurationPlatforms) = preSolution
		Debug|Any CPU = Debug|Any CPU
		Release|Any CPU = Release|Any CPU
	EndGlobalSection
	GlobalSection(ProjectConfigurationPlatforms) = postSolution
		{D9049D49-98B5-4D59-8315-9EAE6D4DA614}.Debug|Any CPU.ActiveCfg = Debug|Any CPU
		{D9049D49-98B5-4D59-8315-9EAE6D4DA614}.Debug|Any CPU.Build.0 = Debug|Any CPU
		{D9049D49-98B5-4D59-8315-9EAE6D4DA614}.Release|Any CPU.ActiveCfg = Release|Any CPU
		{D9049D49-98B5-4D59-8315-9EAE6D4DA614}.Release|Any CPU.Build.0 = Release|Any CPU
	EndGlobalSection
	GlobalSection(SolutionProperties) = preSolution
		HideSolutionNode = FALSE
	EndGlobalSection
EndGlobal
